{
  "name": "@baoxia/utils.javascript",
  "version": "1.0.43",
  "lockfileVersion": 3,
  "requires": true,
  "packages": {
    "": {
      "name": "@baoxia/utils.javascript",
      "version": "1.0.43",
      "license": "MIT",
      "devDependencies": {
        "@baoxia/utils.javascript.testutil": "^1.0.1"
      }
    },
    "node_modules/@baoxia/utils.javascript.testutil": {
      "version": "1.0.1",
      "resolved": "https://registry.npmjs.org/@baoxia/utils.javascript.testutil/-/utils.javascript.testutil-1.0.1.tgz",
      "integrity": "sha512-BYYLh/xxBzG3e0GxpJQ6TlCKmF1pozsSPjFscXUqOcJDRCwQ6noHXZ+aFzybtS9z2QoHqnZ8o2IDitMzbcmIdg==",
      "dev": true
    }
  }
}
